<?xml version="1.0" encoding="utf-8"?>
<Project ToolsVersion="4.0" xmlns="http://schemas.microsoft.com/developer/msbuild/2003">
  <ItemGroup>
    <Filter Include="Source Files">
      <UniqueIdentifier>{4FC737F1-C7A5-4376-A066-2A32D752A2FF}</UniqueIdentifier>
      <Extensions>cpp;c;cc;cxx;def;odl;idl;hpj;bat;asm;asmx</Extensions>
    </Filter>
    <Filter Include="Header Files">
      <UniqueIdentifier>{93995380-89BD-4b04-88EB-625FBE52EBFB}</UniqueIdentifier>
      <Extensions>h;hh;hpp;hxx;hm;inl;inc;xsd</Extensions>
    </Filter>
    <Filter Include="Resource Files">
      <UniqueIdentifier>{67DA6AB6-F800-4c08-8B7A-83BB121AAD01}</UniqueIdentifier>
      <Extensions>rc;ico;cur;bmp;dlg;rc2;rct;bin;rgs;gif;jpg;jpeg;jpe;resx;tiff;tif;png;wav;mfcribbon-ms</Extensions>
    </Filter>
    <Filter Include="BaseObject">
      <UniqueIdentifier>{a14f67a7-87f5-4429-a8a9-a90311f7efdf}</UniqueIdentifier>
    </Filter>
    <Filter Include="BaseObject\BaseComponents">
      <UniqueIdentifier>{8a61b414-1dbe-4f40-86b1-35652e41220e}</UniqueIdentifier>
    </Filter>
  </ItemGroup>
  <ItemGroup>
    <ClInclude Include="MiniginPCH.h">
      <Filter>Header Files</Filter>
    </ClInclude>
    <ClInclude Include="Core\Font.h">
      <Filter>Header Files</Filter>
    </ClInclude>
    <ClInclude Include="Core\InputManager.h">
      <Filter>Header Files</Filter>
    </ClInclude>
    <ClInclude Include="Core\Log.h">
      <Filter>Header Files</Filter>
    </ClInclude>
    <ClInclude Include="Core\Minigin.h">
      <Filter>Header Files</Filter>
    </ClInclude>
    <ClInclude Include="Core\Renderer.h">
      <Filter>Header Files</Filter>
    </ClInclude>
    <ClInclude Include="Core\ResourceManager.h">
      <Filter>Header Files</Filter>
    </ClInclude>
    <ClInclude Include="Core\Singleton.h">
      <Filter>Header Files</Filter>
    </ClInclude>
    <ClInclude Include="Core\targetver.h">
      <Filter>Header Files</Filter>
    </ClInclude>
    <ClInclude Include="ObjComp\BaseComponent.h">
      <Filter>Header Files</Filter>
    </ClInclude>
    <ClInclude Include="ObjComp\BaseObject.h">
      <Filter>Header Files</Filter>
    </ClInclude>
    <ClInclude Include="Scenes\Scene.h">
      <Filter>Header Files</Filter>
    </ClInclude>
    <ClInclude Include="Scenes\SceneManager.h">
      <Filter>Header Files</Filter>
    </ClInclude>
    <ClInclude Include="ObjComp\Texture2D.h">
      <Filter>Header Files</Filter>
    </ClInclude>
    <ClInclude Include="ObjComp\FpsComp.h">
      <Filter>Header Files</Filter>
    </ClInclude>
    <ClInclude Include="ObjComp\TextComp.h">
      <Filter>Header Files</Filter>
    </ClInclude>
    <ClInclude Include="ObjComp\TextureComp.h">
      <Filter>Header Files</Filter>
    </ClInclude>
    <ClInclude Include="ObjComp\Transform.h">
      <Filter>Header Files</Filter>
    </ClInclude>
    <ClInclude Include="ObjComp\InputComp.h">
      <Filter>Header Files</Filter>
    </ClInclude>
    <ClInclude Include="ObjComp\Player1MovementComp.h">
      <Filter>Header Files</Filter>
    </ClInclude>
    <ClInclude Include="ObjComp\LevelObject.h">
      <Filter>Header Files</Filter>
    </ClInclude>
    <ClInclude Include="Scenes\SceneSinglePlayer.h">
      <Filter>Header Files</Filter>
    </ClInclude>
    <ClInclude Include="GlobalGameMaster\GlobalMaster.h">
      <Filter>Header Files</Filter>
    </ClInclude>
    <ClInclude Include="Scenes\SceneTitleScreen.h">
      <Filter>Header Files</Filter>
    </ClInclude>
    <ClInclude Include="ObjComp\TextureColliderComp.h">
      <Filter>Header Files</Filter>
    </ClInclude>
    <ClInclude Include="ObjComp\MazeRunner.h">
      <Filter>Header Files</Filter>
    </ClInclude>
    <ClInclude Include="ObjComp\MazeRunnerGoalScripts\GoalCalculationScript.h">
      <Filter>Header Files</Filter>
    </ClInclude>
    <ClInclude Include="ObjComp\MazeRunnerGoalScripts\PlayerControlledGoalScript.h">
      <Filter>Header Files</Filter>
    </ClInclude>
    <ClInclude Include="ObjComp\PacmanAnimation.h">
      <Filter>Header Files</Filter>
    </ClInclude>
    <ClInclude Include="ObjComp\ScoreComp.h">
      <Filter>Header Files</Filter>
    </ClInclude>
    <ClInclude Include="ObjComp\PacmanLogicComp.h">
      <Filter>Header Files</Filter>
    </ClInclude>
    <ClInclude Include="ObjComp\GhostLogicComp.h">
      <Filter>Header Files</Filter>
    </ClInclude>
  </ItemGroup>
  <ItemGroup>
    <ClCompile Include="Main.cpp">
      <Filter>Source Files</Filter>
    </ClCompile>
    <ClCompile Include="MiniginPCH.cpp">
      <Filter>Source Files</Filter>
    </ClCompile>
    <ClCompile Include="Core\Font.cpp">
      <Filter>Source Files</Filter>
    </ClCompile>
    <ClCompile Include="Core\InputManager.cpp">
      <Filter>Source Files</Filter>
    </ClCompile>
    <ClCompile Include="Core\Log.cpp">
      <Filter>Source Files</Filter>
    </ClCompile>
    <ClCompile Include="Core\Minigin.cpp">
      <Filter>Source Files</Filter>
    </ClCompile>
    <ClCompile Include="Core\Renderer.cpp">
      <Filter>Source Files</Filter>
    </ClCompile>
    <ClCompile Include="Core\ResourceManager.cpp">
      <Filter>Source Files</Filter>
    </ClCompile>
    <ClCompile Include="ObjComp\BaseObject.cpp">
      <Filter>Source Files</Filter>
    </ClCompile>
    <ClCompile Include="Scenes\Scene.cpp">
      <Filter>Source Files</Filter>
    </ClCompile>
    <ClCompile Include="Scenes\SceneManager.cpp">
      <Filter>Source Files</Filter>
    </ClCompile>
    <ClCompile Include="ObjComp\FpsComp.cpp">
      <Filter>Source Files</Filter>
    </ClCompile>
    <ClCompile Include="ObjComp\TextComp.cpp">
      <Filter>Source Files</Filter>
    </ClCompile>
    <ClCompile Include="ObjComp\Texture2D.cpp">
      <Filter>Source Files</Filter>
    </ClCompile>
    <ClCompile Include="ObjComp\TextureComp.cpp">
      <Filter>Source Files</Filter>
    </ClCompile>
    <ClCompile Include="ObjComp\player1_movement_comp.cpp">
      <Filter>Source Files</Filter>
    </ClCompile>
    <ClCompile Include="ObjComp\LevelObject.cpp">
      <Filter>Source Files</Filter>
    </ClCompile>
    <ClCompile Include="Scenes\SceneSinglePlayer.cpp">
      <Filter>Source Files</Filter>
    </ClCompile>
    <ClCompile Include="GlobalGameMaster\GlobalMaster.cpp">
      <Filter>Source Files</Filter>
    </ClCompile>
    <ClCompile Include="Scenes\SceneTitleScreen.cpp">
      <Filter>Source Files</Filter>
    </ClCompile>
    <ClCompile Include="ObjComp\TextureColliderComp.cpp">
      <Filter>Source Files</Filter>
    </ClCompile>
    <ClCompile Include="ObjComp\MazeRunner.cpp">
      <Filter>Source Files</Filter>
    </ClCompile>
    <ClCompile Include="ObjComp\ScoreComp.cpp">
      <Filter>Source Files</Filter>
    </ClCompile>
    <ClCompile Include="ObjComp\PacmanLogicComp.cpp">
      <Filter>Source Files</Filter>
    </ClCompile>
    <ClCompile Include="ObjComp\GhostLogicComp.cpp">
      <Filter>Source Files</Filter>
    </ClCompile>
  </ItemGroup>
</Project>